# This file was autogenerated by Stack.
# You should not edit this file by hand.
# For more information, please see the documentation at:
#   https://docs.haskellstack.org/en/stable/lock_files

packages:
- completed:
    hackage: srtree-0.1.2.0@sha256:1ce20d46aa13235955f7ca0b2ae266de8f07a5c47e295d7ca633da6b02479de1,1625
    pantry-tree:
      sha256: 713e681800e57e9c13f458a351e036137481f520c1b0b275d3b19b1b610d8b33
      size: 562
  original:
    hackage: srtree-0.1.2.0
snapshots:
- completed:
    sha256: 4905c93319aa94aa53da8f41d614d7bacdbfe6c63a8c6132d32e6e62f24a9af4
    size: 649315
    url: https://raw.githubusercontent.com/commercialhaskell/stackage-snapshots/master/lts/20/6.yaml
  original: lts-20.6
