# This file was autogenerated by Stack.
# You should not edit this file by hand.
# For more information, please see the documentation at:
#   https://docs.haskellstack.org/en/stable/lock_files

packages:
- completed:
    commit: a8f1e29b53f8a307d05b893ada59474f08eca902
    git: https://github.com/folivetti/srtree.git
    name: srtree
    pantry-tree:
      sha256: 7cb8a537d4330955b5d14323244f36694cbd19a46586d7dc896a702f59c80a89
      size: 817
    version: 0.1.0.0
  original:
    commit: a8f1e29b53f8a307d05b893ada59474f08eca902
    git: https://github.com/folivetti/srtree.git
snapshots:
- completed:
    sha256: a684cdbdf9304b325a503e0fe1d9648e9c18155ce4c7cfebbe8a7f93674e6295
    size: 649106
    url: https://raw.githubusercontent.com/commercialhaskell/stackage-snapshots/master/lts/20/5.yaml
  original:
    url: https://raw.githubusercontent.com/commercialhaskell/stackage-snapshots/master/lts/20/5.yaml
